{
    "version": 3,
    "terraform_version": "0.11.8",
    "serial": 31,
    "lineage": "5b299c52-f630-58ed-c909-e3da212e51d8",
    "modules": [
        {
            "path": [
                "root"
            ],
            "outputs": {
                "vmss_public_ip": {
                    "sensitive": false,
                    "type": "string",
                    "value": "zeavv.eastus.cloudapp.azure.com"
                }
            },
            "resources": {
                "azurerm_lb.demo02group": {
                    "type": "azurerm_lb",
                    "depends_on": [
                        "azurerm_public_ip.demo02group",
                        "azurerm_resource_group.demo02group"
                    ],
                    "primary": {
                        "id": "/subscriptions/97177a02-71fc-42bc-8a83-1a00bd462bf2/resourceGroups/demo02group/providers/Microsoft.Network/loadBalancers/demo02group-lb",
                        "attributes": {
                            "frontend_ip_configuration.#": "1",
                            "frontend_ip_configuration.0.inbound_nat_rules.#": "0",
                            "frontend_ip_configuration.0.load_balancer_rules.#": "1",
                            "frontend_ip_configuration.0.load_balancer_rules.1291597353": "/subscriptions/97177a02-71fc-42bc-8a83-1a00bd462bf2/resourceGroups/demo02group/providers/Microsoft.Network/loadBalancers/demo02group-lb/loadBalancingRules/demo02group-http",
                            "frontend_ip_configuration.0.name": "demo02group-publicIPAddress",
                            "frontend_ip_configuration.0.private_ip_address": "",
                            "frontend_ip_configuration.0.private_ip_address_allocation": "Dynamic",
                            "frontend_ip_configuration.0.public_ip_address_id": "/subscriptions/97177a02-71fc-42bc-8a83-1a00bd462bf2/resourceGroups/demo02group/providers/Microsoft.Network/publicIPAddresses/demo02group-public-ip",
                            "frontend_ip_configuration.0.subnet_id": "",
                            "frontend_ip_configuration.0.zones.#": "0",
                            "id": "/subscriptions/97177a02-71fc-42bc-8a83-1a00bd462bf2/resourceGroups/demo02group/providers/Microsoft.Network/loadBalancers/demo02group-lb",
                            "location": "eastus",
                            "name": "demo02group-lb",
                            "private_ip_address": "",
                            "private_ip_addresses.#": "0",
                            "resource_group_name": "demo02group",
                            "sku": "Basic",
                            "tags.%": "1",
                            "tags.environment": "Terraform Demo02-test"
                        },
                        "meta": {},
                        "tainted": false
                    },
                    "deposed": [],
                    "provider": "provider.azurerm"
                },
                "azurerm_lb_backend_address_pool.demo02group": {
                    "type": "azurerm_lb_backend_address_pool",
                    "depends_on": [
                        "azurerm_lb.demo02group",
                        "azurerm_resource_group.demo02group"
                    ],
                    "primary": {
                        "id": "/subscriptions/97177a02-71fc-42bc-8a83-1a00bd462bf2/resourceGroups/demo02group/providers/Microsoft.Network/loadBalancers/demo02group-lb/backendAddressPools/demo02group-BEAddressPool",
                        "attributes": {
                            "backend_ip_configurations.#": "0",
                            "id": "/subscriptions/97177a02-71fc-42bc-8a83-1a00bd462bf2/resourceGroups/demo02group/providers/Microsoft.Network/loadBalancers/demo02group-lb/backendAddressPools/demo02group-BEAddressPool",
                            "load_balancing_rules.#": "1",
                            "load_balancing_rules.1291597353": "/subscriptions/97177a02-71fc-42bc-8a83-1a00bd462bf2/resourceGroups/demo02group/providers/Microsoft.Network/loadBalancers/demo02group-lb/loadBalancingRules/demo02group-http",
                            "loadbalancer_id": "/subscriptions/97177a02-71fc-42bc-8a83-1a00bd462bf2/resourceGroups/demo02group/providers/Microsoft.Network/loadBalancers/demo02group-lb",
                            "name": "demo02group-BEAddressPool",
                            "resource_group_name": "demo02group"
                        },
                        "meta": {},
                        "tainted": false
                    },
                    "deposed": [],
                    "provider": "provider.azurerm"
                },
                "azurerm_lb_nat_pool.demo02group.0": {
                    "type": "azurerm_lb_nat_pool",
                    "depends_on": [
                        "azurerm_lb.demo02group",
                        "azurerm_resource_group.demo02group"
                    ],
                    "primary": {
                        "id": "/subscriptions/97177a02-71fc-42bc-8a83-1a00bd462bf2/resourceGroups/demo02group/providers/Microsoft.Network/loadBalancers/demo02group-lb/inboundNatPools/demo02group-ssh",
                        "attributes": {
                            "backend_port": "22",
                            "frontend_ip_configuration_id": "/subscriptions/97177a02-71fc-42bc-8a83-1a00bd462bf2/resourceGroups/demo02group/providers/Microsoft.Network/loadBalancers/demo02group-lb/frontendIPConfigurations/demo02group-publicIPAddress",
                            "frontend_ip_configuration_name": "demo02group-publicIPAddress",
                            "frontend_port_end": "50100",
                            "frontend_port_start": "50000",
                            "id": "/subscriptions/97177a02-71fc-42bc-8a83-1a00bd462bf2/resourceGroups/demo02group/providers/Microsoft.Network/loadBalancers/demo02group-lb/inboundNatPools/demo02group-ssh",
                            "loadbalancer_id": "/subscriptions/97177a02-71fc-42bc-8a83-1a00bd462bf2/resourceGroups/demo02group/providers/Microsoft.Network/loadBalancers/demo02group-lb",
                            "name": "demo02group-ssh",
                            "protocol": "Tcp",
                            "resource_group_name": "demo02group"
                        },
                        "meta": {},
                        "tainted": false
                    },
                    "deposed": [],
                    "provider": "provider.azurerm"
                },
                "azurerm_lb_nat_pool.demo02group.1": {
                    "type": "azurerm_lb_nat_pool",
                    "depends_on": [
                        "azurerm_lb.demo02group",
                        "azurerm_resource_group.demo02group"
                    ],
                    "primary": {
                        "id": "/subscriptions/97177a02-71fc-42bc-8a83-1a00bd462bf2/resourceGroups/demo02group/providers/Microsoft.Network/loadBalancers/demo02group-lb/inboundNatPools/demo02group-ssh",
                        "attributes": {
                            "backend_port": "22",
                            "frontend_ip_configuration_id": "/subscriptions/97177a02-71fc-42bc-8a83-1a00bd462bf2/resourceGroups/demo02group/providers/Microsoft.Network/loadBalancers/demo02group-lb/frontendIPConfigurations/demo02group-publicIPAddress",
                            "frontend_ip_configuration_name": "demo02group-publicIPAddress",
                            "frontend_port_end": "50100",
                            "frontend_port_start": "50000",
                            "id": "/subscriptions/97177a02-71fc-42bc-8a83-1a00bd462bf2/resourceGroups/demo02group/providers/Microsoft.Network/loadBalancers/demo02group-lb/inboundNatPools/demo02group-ssh",
                            "loadbalancer_id": "/subscriptions/97177a02-71fc-42bc-8a83-1a00bd462bf2/resourceGroups/demo02group/providers/Microsoft.Network/loadBalancers/demo02group-lb",
                            "name": "demo02group-ssh",
                            "protocol": "Tcp",
                            "resource_group_name": "demo02group"
                        },
                        "meta": {},
                        "tainted": false
                    },
                    "deposed": [],
                    "provider": "provider.azurerm"
                },
                "azurerm_lb_nat_pool.demo02group.2": {
                    "type": "azurerm_lb_nat_pool",
                    "depends_on": [
                        "azurerm_lb.demo02group",
                        "azurerm_resource_group.demo02group"
                    ],
                    "primary": {
                        "id": "/subscriptions/97177a02-71fc-42bc-8a83-1a00bd462bf2/resourceGroups/demo02group/providers/Microsoft.Network/loadBalancers/demo02group-lb/inboundNatPools/demo02group-ssh",
                        "attributes": {
                            "backend_port": "22",
                            "frontend_ip_configuration_id": "/subscriptions/97177a02-71fc-42bc-8a83-1a00bd462bf2/resourceGroups/demo02group/providers/Microsoft.Network/loadBalancers/demo02group-lb/frontendIPConfigurations/demo02group-publicIPAddress",
                            "frontend_ip_configuration_name": "demo02group-publicIPAddress",
                            "frontend_port_end": "50100",
                            "frontend_port_start": "50000",
                            "id": "/subscriptions/97177a02-71fc-42bc-8a83-1a00bd462bf2/resourceGroups/demo02group/providers/Microsoft.Network/loadBalancers/demo02group-lb/inboundNatPools/demo02group-ssh",
                            "loadbalancer_id": "/subscriptions/97177a02-71fc-42bc-8a83-1a00bd462bf2/resourceGroups/demo02group/providers/Microsoft.Network/loadBalancers/demo02group-lb",
                            "name": "demo02group-ssh",
                            "protocol": "Tcp",
                            "resource_group_name": "demo02group"
                        },
                        "meta": {},
                        "tainted": false
                    },
                    "deposed": [],
                    "provider": "provider.azurerm"
                },
                "azurerm_lb_probe.demo02group": {
                    "type": "azurerm_lb_probe",
                    "depends_on": [
                        "azurerm_lb.demo02group",
                        "azurerm_resource_group.demo02group"
                    ],
                    "primary": {
                        "id": "/subscriptions/97177a02-71fc-42bc-8a83-1a00bd462bf2/resourceGroups/demo02group/providers/Microsoft.Network/loadBalancers/demo02group-lb/probes/demo02group-ssh-running-probe",
                        "attributes": {
                            "id": "/subscriptions/97177a02-71fc-42bc-8a83-1a00bd462bf2/resourceGroups/demo02group/providers/Microsoft.Network/loadBalancers/demo02group-lb/probes/demo02group-ssh-running-probe",
                            "interval_in_seconds": "15",
                            "load_balancer_rules.#": "1",
                            "load_balancer_rules.1291597353": "/subscriptions/97177a02-71fc-42bc-8a83-1a00bd462bf2/resourceGroups/demo02group/providers/Microsoft.Network/loadBalancers/demo02group-lb/loadBalancingRules/demo02group-http",
                            "loadbalancer_id": "/subscriptions/97177a02-71fc-42bc-8a83-1a00bd462bf2/resourceGroups/demo02group/providers/Microsoft.Network/loadBalancers/demo02group-lb",
                            "name": "demo02group-ssh-running-probe",
                            "number_of_probes": "2",
                            "port": "80",
                            "protocol": "Tcp",
                            "request_path": "",
                            "resource_group_name": "demo02group"
                        },
                        "meta": {},
                        "tainted": false
                    },
                    "deposed": [],
                    "provider": "provider.azurerm"
                },
                "azurerm_lb_rule.lbnatrule": {
                    "type": "azurerm_lb_rule",
                    "depends_on": [
                        "azurerm_lb.demo02group",
                        "azurerm_lb_backend_address_pool.demo02group",
                        "azurerm_lb_probe.demo02group",
                        "azurerm_resource_group.demo02group"
                    ],
                    "primary": {
                        "id": "/subscriptions/97177a02-71fc-42bc-8a83-1a00bd462bf2/resourceGroups/demo02group/providers/Microsoft.Network/loadBalancers/demo02group-lb/loadBalancingRules/demo02group-http",
                        "attributes": {
                            "backend_address_pool_id": "/subscriptions/97177a02-71fc-42bc-8a83-1a00bd462bf2/resourceGroups/demo02group/providers/Microsoft.Network/loadBalancers/demo02group-lb/backendAddressPools/demo02group-BEAddressPool",
                            "backend_port": "80",
                            "enable_floating_ip": "false",
                            "frontend_ip_configuration_id": "/subscriptions/97177a02-71fc-42bc-8a83-1a00bd462bf2/resourceGroups/demo02group/providers/Microsoft.Network/loadBalancers/demo02group-lb/frontendIPConfigurations/demo02group-publicIPAddress",
                            "frontend_ip_configuration_name": "demo02group-publicIPAddress",
                            "frontend_port": "80",
                            "id": "/subscriptions/97177a02-71fc-42bc-8a83-1a00bd462bf2/resourceGroups/demo02group/providers/Microsoft.Network/loadBalancers/demo02group-lb/loadBalancingRules/demo02group-http",
                            "idle_timeout_in_minutes": "4",
                            "load_distribution": "Default",
                            "loadbalancer_id": "/subscriptions/97177a02-71fc-42bc-8a83-1a00bd462bf2/resourceGroups/demo02group/providers/Microsoft.Network/loadBalancers/demo02group-lb",
                            "name": "demo02group-http",
                            "probe_id": "/subscriptions/97177a02-71fc-42bc-8a83-1a00bd462bf2/resourceGroups/demo02group/providers/Microsoft.Network/loadBalancers/demo02group-lb/probes/demo02group-ssh-running-probe",
                            "protocol": "Tcp",
                            "resource_group_name": "demo02group"
                        },
                        "meta": {},
                        "tainted": false
                    },
                    "deposed": [],
                    "provider": "provider.azurerm"
                },
                "azurerm_mysql_database.demo02group": {
                    "type": "azurerm_mysql_database",
                    "depends_on": [
                        "azurerm_mysql_server.demo02group",
                        "azurerm_resource_group.demo02group"
                    ],
                    "primary": {
                        "id": "/subscriptions/97177a02-71fc-42bc-8a83-1a00bd462bf2/resourceGroups/demo02group/providers/Microsoft.DBforMySQL/servers/demo02group-wordpressdatabase/databases/testdatabase",
                        "attributes": {
                            "charset": "utf8",
                            "collation": "utf8_unicode_ci",
                            "id": "/subscriptions/97177a02-71fc-42bc-8a83-1a00bd462bf2/resourceGroups/demo02group/providers/Microsoft.DBforMySQL/servers/demo02group-wordpressdatabase/databases/testdatabase",
                            "name": "testdatabase",
                            "resource_group_name": "demo02group",
                            "server_name": "demo02group-wordpressdatabase"
                        },
                        "meta": {},
                        "tainted": false
                    },
                    "deposed": [],
                    "provider": "provider.azurerm"
                },
                "azurerm_mysql_firewall_rule.demo02group": {
                    "type": "azurerm_mysql_firewall_rule",
                    "depends_on": [
                        "azurerm_mysql_server.demo02group",
                        "azurerm_resource_group.demo02group"
                    ],
                    "primary": {
                        "id": "/subscriptions/97177a02-71fc-42bc-8a83-1a00bd462bf2/resourceGroups/demo02group/providers/Microsoft.DBforMySQL/servers/demo02group-wordpressdatabase/firewallRules/demo02group-firewall-mysql-rule",
                        "attributes": {
                            "end_ip_address": "255.255.255.254",
                            "id": "/subscriptions/97177a02-71fc-42bc-8a83-1a00bd462bf2/resourceGroups/demo02group/providers/Microsoft.DBforMySQL/servers/demo02group-wordpressdatabase/firewallRules/demo02group-firewall-mysql-rule",
                            "name": "demo02group-firewall-mysql-rule",
                            "resource_group_name": "demo02group",
                            "server_name": "demo02group-wordpressdatabase",
                            "start_ip_address": "0.0.0.0"
                        },
                        "meta": {},
                        "tainted": false
                    },
                    "deposed": [],
                    "provider": "provider.azurerm"
                },
                "azurerm_mysql_server.demo02group": {
                    "type": "azurerm_mysql_server",
                    "depends_on": [
                        "azurerm_resource_group.demo02group"
                    ],
                    "primary": {
                        "id": "/subscriptions/97177a02-71fc-42bc-8a83-1a00bd462bf2/resourceGroups/demo02group/providers/Microsoft.DBforMySQL/servers/demo02group-wordpressdatabase",
                        "attributes": {
                            "administrator_login": "serg",
                            "administrator_login_password": "4400MYsql!",
                            "fqdn": "demo02group-wordpressdatabase.mysql.database.azure.com",
                            "id": "/subscriptions/97177a02-71fc-42bc-8a83-1a00bd462bf2/resourceGroups/demo02group/providers/Microsoft.DBforMySQL/servers/demo02group-wordpressdatabase",
                            "location": "eastus",
                            "name": "demo02group-wordpressdatabase",
                            "resource_group_name": "demo02group",
                            "sku.#": "1",
                            "sku.0.capacity": "1",
                            "sku.0.family": "Gen5",
                            "sku.0.name": "B_Gen5_1",
                            "sku.0.tier": "Basic",
                            "ssl_enforcement": "Disabled",
                            "storage_profile.#": "1",
                            "storage_profile.0.backup_retention_days": "10",
                            "storage_profile.0.geo_redundant_backup": "Disabled",
                            "storage_profile.0.storage_mb": "5120",
                            "tags.%": "0",
                            "version": "5.7"
                        },
                        "meta": {},
                        "tainted": false
                    },
                    "deposed": [],
                    "provider": "provider.azurerm"
                },
                "azurerm_network_security_group.demo02group": {
                    "type": "azurerm_network_security_group",
                    "depends_on": [
                        "azurerm_resource_group.demo02group"
                    ],
                    "primary": {
                        "id": "/subscriptions/97177a02-71fc-42bc-8a83-1a00bd462bf2/resourceGroups/demo02group/providers/Microsoft.Network/networkSecurityGroups/demo02group-NetworkSecurityGroup",
                        "attributes": {
                            "id": "/subscriptions/97177a02-71fc-42bc-8a83-1a00bd462bf2/resourceGroups/demo02group/providers/Microsoft.Network/networkSecurityGroups/demo02group-NetworkSecurityGroup",
                            "location": "eastus",
                            "name": "demo02group-NetworkSecurityGroup",
                            "resource_group_name": "demo02group",
                            "security_rule.#": "3",
                            "security_rule.1107440429.access": "Allow",
                            "security_rule.1107440429.description": "MySQL",
                            "security_rule.1107440429.destination_address_prefix": "*",
                            "security_rule.1107440429.destination_address_prefixes.#": "0",
                            "security_rule.1107440429.destination_application_security_group_ids.#": "0",
                            "security_rule.1107440429.destination_port_range": "3306",
                            "security_rule.1107440429.destination_port_ranges.#": "0",
                            "security_rule.1107440429.direction": "Inbound",
                            "security_rule.1107440429.name": "demo02groupMySQL",
                            "security_rule.1107440429.priority": "110",
                            "security_rule.1107440429.protocol": "Tcp",
                            "security_rule.1107440429.source_address_prefix": "*",
                            "security_rule.1107440429.source_address_prefixes.#": "0",
                            "security_rule.1107440429.source_application_security_group_ids.#": "0",
                            "security_rule.1107440429.source_port_range": "*",
                            "security_rule.1107440429.source_port_ranges.#": "0",
                            "security_rule.2941955134.access": "Allow",
                            "security_rule.2941955134.description": "",
                            "security_rule.2941955134.destination_address_prefix": "*",
                            "security_rule.2941955134.destination_address_prefixes.#": "0",
                            "security_rule.2941955134.destination_application_security_group_ids.#": "0",
                            "security_rule.2941955134.destination_port_range": "80",
                            "security_rule.2941955134.destination_port_ranges.#": "0",
                            "security_rule.2941955134.direction": "Inbound",
                            "security_rule.2941955134.name": "demo02groupHTTP",
                            "security_rule.2941955134.priority": "1001",
                            "security_rule.2941955134.protocol": "Tcp",
                            "security_rule.2941955134.source_address_prefix": "*",
                            "security_rule.2941955134.source_address_prefixes.#": "0",
                            "security_rule.2941955134.source_application_security_group_ids.#": "0",
                            "security_rule.2941955134.source_port_range": "*",
                            "security_rule.2941955134.source_port_ranges.#": "0",
                            "security_rule.3298836640.access": "Allow",
                            "security_rule.3298836640.description": "",
                            "security_rule.3298836640.destination_address_prefix": "*",
                            "security_rule.3298836640.destination_address_prefixes.#": "0",
                            "security_rule.3298836640.destination_application_security_group_ids.#": "0",
                            "security_rule.3298836640.destination_port_range": "22",
                            "security_rule.3298836640.destination_port_ranges.#": "0",
                            "security_rule.3298836640.direction": "Inbound",
                            "security_rule.3298836640.name": "demo02groupSSH",
                            "security_rule.3298836640.priority": "100",
                            "security_rule.3298836640.protocol": "Tcp",
                            "security_rule.3298836640.source_address_prefix": "*",
                            "security_rule.3298836640.source_address_prefixes.#": "0",
                            "security_rule.3298836640.source_application_security_group_ids.#": "0",
                            "security_rule.3298836640.source_port_range": "*",
                            "security_rule.3298836640.source_port_ranges.#": "0",
                            "tags.%": "1",
                            "tags.environment": "Terraform Demo02-test"
                        },
                        "meta": {},
                        "tainted": false
                    },
                    "deposed": [],
                    "provider": "provider.azurerm"
                },
                "azurerm_public_ip.demo02group": {
                    "type": "azurerm_public_ip",
                    "depends_on": [
                        "azurerm_resource_group.demo02group",
                        "random_string.fqdn"
                    ],
                    "primary": {
                        "id": "/subscriptions/97177a02-71fc-42bc-8a83-1a00bd462bf2/resourceGroups/demo02group/providers/Microsoft.Network/publicIPAddresses/demo02group-public-ip",
                        "attributes": {
                            "domain_name_label": "zeavv",
                            "fqdn": "zeavv.eastus.cloudapp.azure.com",
                            "id": "/subscriptions/97177a02-71fc-42bc-8a83-1a00bd462bf2/resourceGroups/demo02group/providers/Microsoft.Network/publicIPAddresses/demo02group-public-ip",
                            "idle_timeout_in_minutes": "4",
                            "ip_address": "40.117.85.93",
                            "location": "eastus",
                            "name": "demo02group-public-ip",
                            "public_ip_address_allocation": "static",
                            "resource_group_name": "demo02group",
                            "sku": "Basic",
                            "tags.%": "1",
                            "tags.environment": "Terraform Demo02-test",
                            "zones.#": "0"
                        },
                        "meta": {},
                        "tainted": false
                    },
                    "deposed": [],
                    "provider": "provider.azurerm"
                },
                "azurerm_resource_group.demo02group": {
                    "type": "azurerm_resource_group",
                    "depends_on": [],
                    "primary": {
                        "id": "/subscriptions/97177a02-71fc-42bc-8a83-1a00bd462bf2/resourceGroups/demo02group",
                        "attributes": {
                            "id": "/subscriptions/97177a02-71fc-42bc-8a83-1a00bd462bf2/resourceGroups/demo02group",
                            "location": "eastus",
                            "name": "demo02group",
                            "tags.%": "1",
                            "tags.environment": "Terraform Demo02-test"
                        },
                        "meta": {},
                        "tainted": false
                    },
                    "deposed": [],
                    "provider": "provider.azurerm"
                },
                "azurerm_storage_account.storageaccount": {
                    "type": "azurerm_storage_account",
                    "depends_on": [
                        "azurerm_resource_group.demo02group",
                        "random_string.fqdn"
                    ],
                    "primary": {
                        "id": "/subscriptions/97177a02-71fc-42bc-8a83-1a00bd462bf2/resourceGroups/demo02group/providers/Microsoft.Storage/storageAccounts/diagzeavv",
                        "attributes": {
                            "access_tier": "",
                            "account_encryption_source": "Microsoft.Storage",
                            "account_kind": "Storage",
                            "account_replication_type": "LRS",
                            "account_tier": "Standard",
                            "account_type": "Standard_LRS",
                            "enable_blob_encryption": "true",
                            "enable_file_encryption": "true",
                            "enable_https_traffic_only": "false",
                            "id": "/subscriptions/97177a02-71fc-42bc-8a83-1a00bd462bf2/resourceGroups/demo02group/providers/Microsoft.Storage/storageAccounts/diagzeavv",
                            "identity.#": "0",
                            "location": "eastus",
                            "name": "diagzeavv",
                            "network_rules.#": "0",
                            "primary_access_key": "/GOYwpdX9OxyJ7WgjV7hTQO9PaVk7qWzJ/6KBiAkxn7+jYB9xdFk1EKyosJH0BZ1fKquZYh+01z9zSYn5rZv3A==",
                            "primary_blob_connection_string": "DefaultEndpointsProtocol=https;BlobEndpoint=https://diagzeavv.blob.core.windows.net/;AccountName=diagzeavv;AccountKey=/GOYwpdX9OxyJ7WgjV7hTQO9PaVk7qWzJ/6KBiAkxn7+jYB9xdFk1EKyosJH0BZ1fKquZYh+01z9zSYn5rZv3A==",
                            "primary_blob_endpoint": "https://diagzeavv.blob.core.windows.net/",
                            "primary_connection_string": "DefaultEndpointsProtocol=https;AccountName=diagzeavv;AccountKey=/GOYwpdX9OxyJ7WgjV7hTQO9PaVk7qWzJ/6KBiAkxn7+jYB9xdFk1EKyosJH0BZ1fKquZYh+01z9zSYn5rZv3A==;EndpointSuffix=core.windows.net",
                            "primary_file_endpoint": "https://diagzeavv.file.core.windows.net/",
                            "primary_location": "eastus",
                            "primary_queue_endpoint": "https://diagzeavv.queue.core.windows.net/",
                            "primary_table_endpoint": "https://diagzeavv.table.core.windows.net/",
                            "resource_group_name": "demo02group",
                            "secondary_access_key": "hxHFp9kdwx4KLFjrVcN4T8KfVt3g1H5B5+UlFqwlRtrwUfMfYZjsLqHUPHVql4VQtE0rHFtvTHNeKiV6EUOnWA==",
                            "secondary_connection_string": "DefaultEndpointsProtocol=https;AccountName=diagzeavv;AccountKey=hxHFp9kdwx4KLFjrVcN4T8KfVt3g1H5B5+UlFqwlRtrwUfMfYZjsLqHUPHVql4VQtE0rHFtvTHNeKiV6EUOnWA==;EndpointSuffix=core.windows.net",
                            "secondary_location": "",
                            "tags.%": "1",
                            "tags.environment": "Terraform Demo02-test"
                        },
                        "meta": {
                            "schema_version": "2"
                        },
                        "tainted": false
                    },
                    "deposed": [],
                    "provider": "provider.azurerm"
                },
                "azurerm_storage_blob.demo02group": {
                    "type": "azurerm_storage_blob",
                    "depends_on": [
                        "azurerm_resource_group.demo02group",
                        "azurerm_storage_account.storageaccount",
                        "azurerm_storage_container.demo02group"
                    ],
                    "primary": {
                        "id": "https://diagzeavv.blob.core.windows.net/demo02groupstor/sample.vhd",
                        "attributes": {
                            "attempts": "1",
                            "content_type": "application/octet-stream",
                            "id": "https://diagzeavv.blob.core.windows.net/demo02groupstor/sample.vhd",
                            "name": "sample.vhd",
                            "parallelism": "8",
                            "resource_group_name": "demo02group",
                            "size": "5120",
                            "source_uri": "",
                            "storage_account_name": "diagzeavv",
                            "storage_container_name": "demo02groupstor",
                            "type": "page",
                            "url": "https://diagzeavv.blob.core.windows.net/demo02groupstor/sample.vhd"
                        },
                        "meta": {
                            "schema_version": "1"
                        },
                        "tainted": false
                    },
                    "deposed": [],
                    "provider": "provider.azurerm"
                },
                "azurerm_storage_container.demo02group": {
                    "type": "azurerm_storage_container",
                    "depends_on": [
                        "azurerm_resource_group.demo02group",
                        "azurerm_storage_account.storageaccount"
                    ],
                    "primary": {
                        "id": "https://diagzeavv.blob.core.windows.net/demo02groupstor",
                        "attributes": {
                            "container_access_type": "private",
                            "id": "https://diagzeavv.blob.core.windows.net/demo02groupstor",
                            "name": "demo02groupstor",
                            "properties.%": "4",
                            "properties.last_modified": "Fri, 05 Oct 2018 13:47:20 GMT",
                            "properties.lease_duration": "",
                            "properties.lease_state": "available",
                            "properties.lease_status": "unlocked",
                            "resource_group_name": "demo02group",
                            "storage_account_name": "diagzeavv"
                        },
                        "meta": {
                            "schema_version": "1"
                        },
                        "tainted": false
                    },
                    "deposed": [],
                    "provider": "provider.azurerm"
                },
                "azurerm_subnet.demo02group": {
                    "type": "azurerm_subnet",
                    "depends_on": [
                        "azurerm_resource_group.demo02group",
                        "azurerm_virtual_network.demo02group"
                    ],
                    "primary": {
                        "id": "/subscriptions/97177a02-71fc-42bc-8a83-1a00bd462bf2/resourceGroups/demo02group/providers/Microsoft.Network/virtualNetworks/demo02group-virt-network/subnets/demo02group-subnet",
                        "attributes": {
                            "address_prefix": "10.0.2.0/24",
                            "id": "/subscriptions/97177a02-71fc-42bc-8a83-1a00bd462bf2/resourceGroups/demo02group/providers/Microsoft.Network/virtualNetworks/demo02group-virt-network/subnets/demo02group-subnet",
                            "ip_configurations.#": "0",
                            "name": "demo02group-subnet",
                            "resource_group_name": "demo02group",
                            "service_endpoints.#": "0",
                            "virtual_network_name": "demo02group-virt-network"
                        },
                        "meta": {},
                        "tainted": false
                    },
                    "deposed": [],
                    "provider": "provider.azurerm"
                },
                "azurerm_virtual_network.demo02group": {
                    "type": "azurerm_virtual_network",
                    "depends_on": [
                        "azurerm_resource_group.demo02group"
                    ],
                    "primary": {
                        "id": "/subscriptions/97177a02-71fc-42bc-8a83-1a00bd462bf2/resourceGroups/demo02group/providers/Microsoft.Network/virtualNetworks/demo02group-virt-network",
                        "attributes": {
                            "address_space.#": "1",
                            "address_space.0": "10.0.0.0/16",
                            "dns_servers.#": "0",
                            "id": "/subscriptions/97177a02-71fc-42bc-8a83-1a00bd462bf2/resourceGroups/demo02group/providers/Microsoft.Network/virtualNetworks/demo02group-virt-network",
                            "location": "eastus",
                            "name": "demo02group-virt-network",
                            "resource_group_name": "demo02group",
                            "subnet.#": "1",
                            "subnet.1317578200.address_prefix": "10.0.2.0/24",
                            "subnet.1317578200.id": "/subscriptions/97177a02-71fc-42bc-8a83-1a00bd462bf2/resourceGroups/demo02group/providers/Microsoft.Network/virtualNetworks/demo02group-virt-network/subnets/demo02group-subnet",
                            "subnet.1317578200.name": "demo02group-subnet",
                            "subnet.1317578200.security_group": "",
                            "tags.%": "1",
                            "tags.environment": "Terraform Demo02-test"
                        },
                        "meta": {},
                        "tainted": false
                    },
                    "deposed": [],
                    "provider": "provider.azurerm"
                },
                "random_string.fqdn": {
                    "type": "random_string",
                    "depends_on": [],
                    "primary": {
                        "id": "none",
                        "attributes": {
                            "id": "none",
                            "length": "5",
                            "lower": "true",
                            "min_lower": "0",
                            "min_numeric": "0",
                            "min_special": "0",
                            "min_upper": "0",
                            "number": "false",
                            "result": "zeavv",
                            "special": "false",
                            "upper": "false"
                        },
                        "meta": {
                            "schema_version": "1"
                        },
                        "tainted": false
                    },
                    "deposed": [],
                    "provider": "provider.random"
                }
            },
            "depends_on": []
        }
    ]
}
